// !$*UTF8*$!
{
	archiveVersion = 1;
	classes = {
	};
	objectVersion = 52;
	objects = {

/* Begin PBXBuildFile section */
		1109614226F91FDD00C78F9F /* ArrivalViewCell.swift in Sources */ = {isa = PBXBuildFile; fileRef = 1109614126F91FDD00C78F9F /* ArrivalViewCell.swift */; };
		115EC8142712DC6600EE446B /* Extension + Realm.swift in Sources */ = {isa = PBXBuildFile; fileRef = 115EC8132712DC6600EE446B /* Extension + Realm.swift */; };
		116661FF2707A43200EA09DB /* Alamofire in Frameworks */ = {isa = PBXBuildFile; productRef = 116661FE2707A43200EA09DB /* Alamofire */; };
		116662022707A67000EA09DB /* RxSwift in Frameworks */ = {isa = PBXBuildFile; productRef = 116662012707A67000EA09DB /* RxSwift */; };
		116662042707A69E00EA09DB /* SnapKit in Frameworks */ = {isa = PBXBuildFile; productRef = 116662032707A69E00EA09DB /* SnapKit */; };
		116662062707A6B700EA09DB /* RealmSwift in Frameworks */ = {isa = PBXBuildFile; productRef = 116662052707A6B700EA09DB /* RealmSwift */; };
		116662082707A6D700EA09DB /* RxCocoa in Frameworks */ = {isa = PBXBuildFile; productRef = 116662072707A6D700EA09DB /* RxCocoa */; };
		117BD40B270F5F45009C7271 /* DataBaseService.swift in Sources */ = {isa = PBXBuildFile; fileRef = 117BD40A270F5F45009C7271 /* DataBaseService.swift */; };
		117BD410270F6015009C7271 /* DepartureDB.swift in Sources */ = {isa = PBXBuildFile; fileRef = 117BD40F270F6015009C7271 /* DepartureDB.swift */; };
		117BD412270F601F009C7271 /* ArrivalDB.swift in Sources */ = {isa = PBXBuildFile; fileRef = 117BD411270F601F009C7271 /* ArrivalDB.swift */; };
		11809BD626F61724007FC1E3 /* DeparturesModel.swift in Sources */ = {isa = PBXBuildFile; fileRef = 11809BD526F61724007FC1E3 /* DeparturesModel.swift */; };
		11D9A69D26F8F8BB00EE4C9E /* PageArrivalModelView.swift in Sources */ = {isa = PBXBuildFile; fileRef = 11D9A69C26F8F8BB00EE4C9E /* PageArrivalModelView.swift */; };
		11D9A69F26F8F8D100EE4C9E /* ArrivalModelView.swift in Sources */ = {isa = PBXBuildFile; fileRef = 11D9A69E26F8F8D100EE4C9E /* ArrivalModelView.swift */; };
		11D9A6A126F8F9BD00EE4C9E /* ArrivalModel.swift in Sources */ = {isa = PBXBuildFile; fileRef = 11D9A6A026F8F9BD00EE4C9E /* ArrivalModel.swift */; };
		11D9A6A326F8FD1200EE4C9E /* ErrorHadler.swift in Sources */ = {isa = PBXBuildFile; fileRef = 11D9A6A226F8FD1200EE4C9E /* ErrorHadler.swift */; };
		11FF79CA27082D560086B58E /* MenuBar.swift in Sources */ = {isa = PBXBuildFile; fileRef = 11FF79C927082D560086B58E /* MenuBar.swift */; };
		A83BEACF26A55C5A00BE2890 /* TabBarViewController.swift in Sources */ = {isa = PBXBuildFile; fileRef = A83BEACE26A55C5A00BE2890 /* TabBarViewController.swift */; };
		A83BEAD226A55D3400BE2890 /* ContactViewController.swift in Sources */ = {isa = PBXBuildFile; fileRef = A83BEAD126A55D3400BE2890 /* ContactViewController.swift */; };
		A83BEAD426A55D8100BE2890 /* WeatherViewController.swift in Sources */ = {isa = PBXBuildFile; fileRef = A83BEAD326A55D8100BE2890 /* WeatherViewController.swift */; };
		A83BEAD626A55D8F00BE2890 /* ArrivalViewController.swift in Sources */ = {isa = PBXBuildFile; fileRef = A83BEAD526A55D8F00BE2890 /* ArrivalViewController.swift */; };
		A83BEAD826A55DAE00BE2890 /* DepartureViewController.swift in Sources */ = {isa = PBXBuildFile; fileRef = A83BEAD726A55DAE00BE2890 /* DepartureViewController.swift */; };
		A83BEADB26A5625100BE2890 /* PageArrivalCollectionCell.swift in Sources */ = {isa = PBXBuildFile; fileRef = A83BEADA26A5625100BE2890 /* PageArrivalCollectionCell.swift */; };
		A83BEAE326A5800300BE2890 /* NavigationController.swift in Sources */ = {isa = PBXBuildFile; fileRef = A83BEAE226A5800300BE2890 /* NavigationController.swift */; };
		A83BEAE526A5803A00BE2890 /* Constants.swift in Sources */ = {isa = PBXBuildFile; fileRef = A83BEAE426A5803A00BE2890 /* Constants.swift */; };
		A83BEAEA26A5B91600BE2890 /* PageDepartureCollectionCell.swift in Sources */ = {isa = PBXBuildFile; fileRef = A83BEAE926A5B91600BE2890 /* PageDepartureCollectionCell.swift */; };
		A8654A0326A18A86003B67A9 /* AppDelegate.swift in Sources */ = {isa = PBXBuildFile; fileRef = A8654A0226A18A86003B67A9 /* AppDelegate.swift */; };
		A8654A0526A18A86003B67A9 /* SceneDelegate.swift in Sources */ = {isa = PBXBuildFile; fileRef = A8654A0426A18A86003B67A9 /* SceneDelegate.swift */; };
		A8654A0C26A18A88003B67A9 /* Assets.xcassets in Resources */ = {isa = PBXBuildFile; fileRef = A8654A0B26A18A88003B67A9 /* Assets.xcassets */; };
		A8654A0F26A18A88003B67A9 /* LaunchScreen.storyboard in Resources */ = {isa = PBXBuildFile; fileRef = A8654A0D26A18A88003B67A9 /* LaunchScreen.storyboard */; };
		A86600A926B9037900DA28A9 /* RequestService.swift in Sources */ = {isa = PBXBuildFile; fileRef = A86600A826B9037900DA28A9 /* RequestService.swift */; };
		A8A747B1273C2ED700A75F9B /* Factory.swift in Sources */ = {isa = PBXBuildFile; fileRef = A8A747B0273C2ED700A75F9B /* Factory.swift */; };
		A8E9142B26C40C66003CA804 /* DepartureModelView.swift in Sources */ = {isa = PBXBuildFile; fileRef = A8E9142A26C40C66003CA804 /* DepartureModelView.swift */; };
		A8E9142D26C415D0003CA804 /* PageDepartureModelView.swift in Sources */ = {isa = PBXBuildFile; fileRef = A8E9142C26C415D0003CA804 /* PageDepartureModelView.swift */; };
		A8E9143226C55097003CA804 /* DepartureViewCell.swift in Sources */ = {isa = PBXBuildFile; fileRef = A8E9143126C55097003CA804 /* DepartureViewCell.swift */; };
		A8F2361426A6B3E50022A750 /* Alert.swift in Sources */ = {isa = PBXBuildFile; fileRef = A8F2361326A6B3E50022A750 /* Alert.swift */; };
		A8F6BA482708BE4700FF4540 /* MenuBarCell.swift in Sources */ = {isa = PBXBuildFile; fileRef = A8F6BA472708BE4700FF4540 /* MenuBarCell.swift */; };
/* End PBXBuildFile section */

/* Begin PBXFileReference section */
		1109614126F91FDD00C78F9F /* ArrivalViewCell.swift */ = {isa = PBXFileReference; lastKnownFileType = sourcecode.swift; path = ArrivalViewCell.swift; sourceTree = "<group>"; };
		115EC8132712DC6600EE446B /* Extension + Realm.swift */ = {isa = PBXFileReference; lastKnownFileType = sourcecode.swift; path = "Extension + Realm.swift"; sourceTree = "<group>"; };
		117BD40A270F5F45009C7271 /* DataBaseService.swift */ = {isa = PBXFileReference; lastKnownFileType = sourcecode.swift; path = DataBaseService.swift; sourceTree = "<group>"; };
		117BD40F270F6015009C7271 /* DepartureDB.swift */ = {isa = PBXFileReference; lastKnownFileType = sourcecode.swift; path = DepartureDB.swift; sourceTree = "<group>"; };
		117BD411270F601F009C7271 /* ArrivalDB.swift */ = {isa = PBXFileReference; lastKnownFileType = sourcecode.swift; path = ArrivalDB.swift; sourceTree = "<group>"; };
		11809BD526F61724007FC1E3 /* DeparturesModel.swift */ = {isa = PBXFileReference; lastKnownFileType = sourcecode.swift; path = DeparturesModel.swift; sourceTree = "<group>"; };
		11D9A69C26F8F8BB00EE4C9E /* PageArrivalModelView.swift */ = {isa = PBXFileReference; lastKnownFileType = sourcecode.swift; path = PageArrivalModelView.swift; sourceTree = "<group>"; };
		11D9A69E26F8F8D100EE4C9E /* ArrivalModelView.swift */ = {isa = PBXFileReference; lastKnownFileType = sourcecode.swift; path = ArrivalModelView.swift; sourceTree = "<group>"; };
		11D9A6A026F8F9BD00EE4C9E /* ArrivalModel.swift */ = {isa = PBXFileReference; lastKnownFileType = sourcecode.swift; path = ArrivalModel.swift; sourceTree = "<group>"; };
		11D9A6A226F8FD1200EE4C9E /* ErrorHadler.swift */ = {isa = PBXFileReference; lastKnownFileType = sourcecode.swift; path = ErrorHadler.swift; sourceTree = "<group>"; };
		11FF79C927082D560086B58E /* MenuBar.swift */ = {isa = PBXFileReference; lastKnownFileType = sourcecode.swift; path = MenuBar.swift; sourceTree = "<group>"; };
		A83BEACE26A55C5A00BE2890 /* TabBarViewController.swift */ = {isa = PBXFileReference; lastKnownFileType = sourcecode.swift; path = TabBarViewController.swift; sourceTree = "<group>"; };
		A83BEAD126A55D3400BE2890 /* ContactViewController.swift */ = {isa = PBXFileReference; lastKnownFileType = sourcecode.swift; path = ContactViewController.swift; sourceTree = "<group>"; };
		A83BEAD326A55D8100BE2890 /* WeatherViewController.swift */ = {isa = PBXFileReference; lastKnownFileType = sourcecode.swift; path = WeatherViewController.swift; sourceTree = "<group>"; };
		A83BEAD526A55D8F00BE2890 /* ArrivalViewController.swift */ = {isa = PBXFileReference; lastKnownFileType = sourcecode.swift; path = ArrivalViewController.swift; sourceTree = "<group>"; };
		A83BEAD726A55DAE00BE2890 /* DepartureViewController.swift */ = {isa = PBXFileReference; lastKnownFileType = sourcecode.swift; path = DepartureViewController.swift; sourceTree = "<group>"; };
		A83BEADA26A5625100BE2890 /* PageArrivalCollectionCell.swift */ = {isa = PBXFileReference; lastKnownFileType = sourcecode.swift; path = PageArrivalCollectionCell.swift; sourceTree = "<group>"; };
		A83BEAE226A5800300BE2890 /* NavigationController.swift */ = {isa = PBXFileReference; lastKnownFileType = sourcecode.swift; path = NavigationController.swift; sourceTree = "<group>"; };
		A83BEAE426A5803A00BE2890 /* Constants.swift */ = {isa = PBXFileReference; lastKnownFileType = sourcecode.swift; path = Constants.swift; sourceTree = "<group>"; };
		A83BEAE926A5B91600BE2890 /* PageDepartureCollectionCell.swift */ = {isa = PBXFileReference; lastKnownFileType = sourcecode.swift; path = PageDepartureCollectionCell.swift; sourceTree = "<group>"; };
		A86549FF26A18A86003B67A9 /* ArhAirport.app */ = {isa = PBXFileReference; explicitFileType = wrapper.application; includeInIndex = 0; path = ArhAirport.app; sourceTree = BUILT_PRODUCTS_DIR; };
		A8654A0226A18A86003B67A9 /* AppDelegate.swift */ = {isa = PBXFileReference; lastKnownFileType = sourcecode.swift; path = AppDelegate.swift; sourceTree = "<group>"; };
		A8654A0426A18A86003B67A9 /* SceneDelegate.swift */ = {isa = PBXFileReference; lastKnownFileType = sourcecode.swift; path = SceneDelegate.swift; sourceTree = "<group>"; };
		A8654A0B26A18A88003B67A9 /* Assets.xcassets */ = {isa = PBXFileReference; lastKnownFileType = folder.assetcatalog; path = Assets.xcassets; sourceTree = "<group>"; };
		A8654A0E26A18A88003B67A9 /* Base */ = {isa = PBXFileReference; lastKnownFileType = file.storyboard; name = Base; path = Base.lproj/LaunchScreen.storyboard; sourceTree = "<group>"; };
		A8654A1026A18A88003B67A9 /* Info.plist */ = {isa = PBXFileReference; lastKnownFileType = text.plist.xml; path = Info.plist; sourceTree = "<group>"; };
		A86600A826B9037900DA28A9 /* RequestService.swift */ = {isa = PBXFileReference; lastKnownFileType = sourcecode.swift; path = RequestService.swift; sourceTree = "<group>"; };
		A8A747B0273C2ED700A75F9B /* Factory.swift */ = {isa = PBXFileReference; lastKnownFileType = sourcecode.swift; path = Factory.swift; sourceTree = "<group>"; };
		A8E9142A26C40C66003CA804 /* DepartureModelView.swift */ = {isa = PBXFileReference; lastKnownFileType = sourcecode.swift; path = DepartureModelView.swift; sourceTree = "<group>"; };
		A8E9142C26C415D0003CA804 /* PageDepartureModelView.swift */ = {isa = PBXFileReference; lastKnownFileType = sourcecode.swift; path = PageDepartureModelView.swift; sourceTree = "<group>"; };
		A8E9143126C55097003CA804 /* DepartureViewCell.swift */ = {isa = PBXFileReference; lastKnownFileType = sourcecode.swift; path = DepartureViewCell.swift; sourceTree = "<group>"; };
		A8F2361326A6B3E50022A750 /* Alert.swift */ = {isa = PBXFileReference; lastKnownFileType = sourcecode.swift; path = Alert.swift; sourceTree = "<group>"; };
		A8F6BA472708BE4700FF4540 /* MenuBarCell.swift */ = {isa = PBXFileReference; lastKnownFileType = sourcecode.swift; path = MenuBarCell.swift; sourceTree = "<group>"; };
/* End PBXFileReference section */

/* Begin PBXFrameworksBuildPhase section */
		A86549FC26A18A86003B67A9 /* Frameworks */ = {
			isa = PBXFrameworksBuildPhase;
			buildActionMask = 2147483647;
			files = (
				116662062707A6B700EA09DB /* RealmSwift in Frameworks */,
				116662042707A69E00EA09DB /* SnapKit in Frameworks */,
				116662082707A6D700EA09DB /* RxCocoa in Frameworks */,
				116662022707A67000EA09DB /* RxSwift in Frameworks */,
				116661FF2707A43200EA09DB /* Alamofire in Frameworks */,
			);
			runOnlyForDeploymentPostprocessing = 0;
		};
/* End PBXFrameworksBuildPhase section */

/* Begin PBXGroup section */
		1109613D26F91E5800C78F9F /* Departure */ = {
			isa = PBXGroup;
			children = (
				A8E9142A26C40C66003CA804 /* DepartureModelView.swift */,
				A8E9142C26C415D0003CA804 /* PageDepartureModelView.swift */,
			);
			path = Departure;
			sourceTree = "<group>";
		};
		1109613E26F91E6700C78F9F /* Arrival */ = {
			isa = PBXGroup;
			children = (
				11D9A69E26F8F8D100EE4C9E /* ArrivalModelView.swift */,
				11D9A69C26F8F8BB00EE4C9E /* PageArrivalModelView.swift */,
			);
			path = Arrival;
			sourceTree = "<group>";
		};
		1109613F26F91E7E00C78F9F /* Contact */ = {
			isa = PBXGroup;
			children = (
				A83BEAD126A55D3400BE2890 /* ContactViewController.swift */,
			);
			path = Contact;
			sourceTree = "<group>";
		};
		1109614026F91E9200C78F9F /* Weather */ = {
			isa = PBXGroup;
			children = (
				A83BEAD326A55D8100BE2890 /* WeatherViewController.swift */,
			);
			path = Weather;
			sourceTree = "<group>";
		};
		1109614326F91FE000C78F9F /* SupportView */ = {
			isa = PBXGroup;
			children = (
				1109614126F91FDD00C78F9F /* ArrivalViewCell.swift */,
			);
			path = SupportView;
			sourceTree = "<group>";
		};
		115EC8122712DC4800EE446B /* Support */ = {
			isa = PBXGroup;
			children = (
				117BD40D270F5FD8009C7271 /* Service */,
				A8F2361326A6B3E50022A750 /* Alert.swift */,
				115EC8132712DC6600EE446B /* Extension + Realm.swift */,
				11D9A6A226F8FD1200EE4C9E /* ErrorHadler.swift */,
				A83BEAE426A5803A00BE2890 /* Constants.swift */,
			);
			name = Support;
			sourceTree = "<group>";
		};
		116662002707A67000EA09DB /* Frameworks */ = {
			isa = PBXGroup;
			children = (
			);
			name = Frameworks;
			sourceTree = "<group>";
		};
		117BD40C270F5F6B009C7271 /* RequestModel */ = {
			isa = PBXGroup;
			children = (
				11809BD526F61724007FC1E3 /* DeparturesModel.swift */,
				11D9A6A026F8F9BD00EE4C9E /* ArrivalModel.swift */,
			);
			path = RequestModel;
			sourceTree = "<group>";
		};
		117BD40D270F5FD8009C7271 /* Service */ = {
			isa = PBXGroup;
			children = (
				117BD40A270F5F45009C7271 /* DataBaseService.swift */,
				A86600A826B9037900DA28A9 /* RequestService.swift */,
				A8A747B0273C2ED700A75F9B /* Factory.swift */,
			);
			path = Service;
			sourceTree = "<group>";
		};
		117BD40E270F5FF9009C7271 /* DataModel */ = {
			isa = PBXGroup;
			children = (
				117BD40F270F6015009C7271 /* DepartureDB.swift */,
				117BD411270F601F009C7271 /* ArrivalDB.swift */,
			);
			path = DataModel;
			sourceTree = "<group>";
		};
		A83BEAD026A55CEB00BE2890 /* View */ = {
			isa = PBXGroup;
			children = (
				A83BEACE26A55C5A00BE2890 /* TabBarViewController.swift */,
				11FF79C927082D560086B58E /* MenuBar.swift */,
				A83BEAE226A5800300BE2890 /* NavigationController.swift */,
				A8F6BA472708BE4700FF4540 /* MenuBarCell.swift */,
				1109614026F91E9200C78F9F /* Weather */,
				1109613F26F91E7E00C78F9F /* Contact */,
				A83BEAE726A5972400BE2890 /* DepartureViewController */,
				A83BEAD926A561EE00BE2890 /* ArrivalTableViewPage */,
			);
			path = View;
			sourceTree = "<group>";
		};
		A83BEAD926A561EE00BE2890 /* ArrivalTableViewPage */ = {
			isa = PBXGroup;
			children = (
				A83BEAD526A55D8F00BE2890 /* ArrivalViewController.swift */,
				A83BEADA26A5625100BE2890 /* PageArrivalCollectionCell.swift */,
				1109614326F91FE000C78F9F /* SupportView */,
			);
			path = ArrivalTableViewPage;
			sourceTree = "<group>";
		};
		A83BEAE626A5827000BE2890 /* Model */ = {
			isa = PBXGroup;
			children = (
				117BD40C270F5F6B009C7271 /* RequestModel */,
				117BD40E270F5FF9009C7271 /* DataModel */,
			);
			path = Model;
			sourceTree = "<group>";
		};
		A83BEAE726A5972400BE2890 /* DepartureViewController */ = {
			isa = PBXGroup;
			children = (
				A83BEAD726A55DAE00BE2890 /* DepartureViewController.swift */,
				A83BEAE926A5B91600BE2890 /* PageDepartureCollectionCell.swift */,
				A8E9143026C5506F003CA804 /* SupportView */,
			);
			path = DepartureViewController;
			sourceTree = "<group>";
		};
		A83BEAE826A5AEBE00BE2890 /* ModelView */ = {
			isa = PBXGroup;
			children = (
				1109613E26F91E6700C78F9F /* Arrival */,
				1109613D26F91E5800C78F9F /* Departure */,
			);
			path = ModelView;
			sourceTree = "<group>";
		};
		A86549F626A18A86003B67A9 = {
			isa = PBXGroup;
			children = (
				A8654A0126A18A86003B67A9 /* ArhAirport */,
				A8654A0026A18A86003B67A9 /* Products */,
				116662002707A67000EA09DB /* Frameworks */,
			);
			sourceTree = "<group>";
		};
		A8654A0026A18A86003B67A9 /* Products */ = {
			isa = PBXGroup;
			children = (
				A86549FF26A18A86003B67A9 /* ArhAirport.app */,
			);
			name = Products;
			sourceTree = "<group>";
		};
		A8654A0126A18A86003B67A9 /* ArhAirport */ = {
			isa = PBXGroup;
			children = (
				A8654A0226A18A86003B67A9 /* AppDelegate.swift */,
				A8654A0426A18A86003B67A9 /* SceneDelegate.swift */,
				115EC8122712DC4800EE446B /* Support */,
				A83BEAE826A5AEBE00BE2890 /* ModelView */,
				A83BEAE626A5827000BE2890 /* Model */,
				A83BEAD026A55CEB00BE2890 /* View */,
				A8654A0B26A18A88003B67A9 /* Assets.xcassets */,
				A8654A0D26A18A88003B67A9 /* LaunchScreen.storyboard */,
				A8654A1026A18A88003B67A9 /* Info.plist */,
			);
			path = ArhAirport;
			sourceTree = "<group>";
		};
		A8E9143026C5506F003CA804 /* SupportView */ = {
			isa = PBXGroup;
			children = (
				A8E9143126C55097003CA804 /* DepartureViewCell.swift */,
			);
			path = SupportView;
			sourceTree = "<group>";
		};
/* End PBXGroup section */

/* Begin PBXNativeTarget section */
		A86549FE26A18A86003B67A9 /* ArhAirport */ = {
			isa = PBXNativeTarget;
			buildConfigurationList = A8654A1326A18A88003B67A9 /* Build configuration list for PBXNativeTarget "ArhAirport" */;
			buildPhases = (
				A86549FB26A18A86003B67A9 /* Sources */,
				A86549FC26A18A86003B67A9 /* Frameworks */,
				A86549FD26A18A86003B67A9 /* Resources */,
			);
			buildRules = (
			);
			dependencies = (
			);
			name = ArhAirport;
			packageProductDependencies = (
				116661FE2707A43200EA09DB /* Alamofire */,
				116662012707A67000EA09DB /* RxSwift */,
				116662032707A69E00EA09DB /* SnapKit */,
				116662052707A6B700EA09DB /* RealmSwift */,
				116662072707A6D700EA09DB /* RxCocoa */,
			);
			productName = ArhAirport;
			productReference = A86549FF26A18A86003B67A9 /* ArhAirport.app */;
			productType = "com.apple.product-type.application";
		};
/* End PBXNativeTarget section */

/* Begin PBXProject section */
		A86549F726A18A86003B67A9 /* Project object */ = {
			isa = PBXProject;
			attributes = {
				LastSwiftUpdateCheck = 1250;
				LastUpgradeCheck = 1250;
				TargetAttributes = {
					A86549FE26A18A86003B67A9 = {
						CreatedOnToolsVersion = 12.5.1;
					};
				};
			};
			buildConfigurationList = A86549FA26A18A86003B67A9 /* Build configuration list for PBXProject "ArhAirport" */;
			compatibilityVersion = "Xcode 9.3";
			developmentRegion = en;
			hasScannedForEncodings = 0;
			knownRegions = (
				en,
				Base,
			);
			mainGroup = A86549F626A18A86003B67A9;
			packageReferences = (
				116660A427079CF400EA09DB /* XCRemoteSwiftPackageReference "RxSwift" */,
				116660A527079D3300EA09DB /* XCRemoteSwiftPackageReference "realm-cocoa" */,
				116660A627079D4900EA09DB /* XCRemoteSwiftPackageReference "SnapKit" */,
				116661FD2707A43200EA09DB /* XCRemoteSwiftPackageReference "Alamofire" */,
			);
			productRefGroup = A8654A0026A18A86003B67A9 /* Products */;
			projectDirPath = "";
			projectRoot = "";
			targets = (
				A86549FE26A18A86003B67A9 /* ArhAirport */,
			);
		};
/* End PBXProject section */

/* Begin PBXResourcesBuildPhase section */
		A86549FD26A18A86003B67A9 /* Resources */ = {
			isa = PBXResourcesBuildPhase;
			buildActionMask = 2147483647;
			files = (
				A8654A0F26A18A88003B67A9 /* LaunchScreen.storyboard in Resources */,
				A8654A0C26A18A88003B67A9 /* Assets.xcassets in Resources */,
			);
			runOnlyForDeploymentPostprocessing = 0;
		};
/* End PBXResourcesBuildPhase section */

/* Begin PBXSourcesBuildPhase section */
		A86549FB26A18A86003B67A9 /* Sources */ = {
			isa = PBXSourcesBuildPhase;
			buildActionMask = 2147483647;
			files = (
				A8E9143226C55097003CA804 /* DepartureViewCell.swift in Sources */,
				A83BEADB26A5625100BE2890 /* PageArrivalCollectionCell.swift in Sources */,
				A8F6BA482708BE4700FF4540 /* MenuBarCell.swift in Sources */,
				A8E9142B26C40C66003CA804 /* DepartureModelView.swift in Sources */,
				A86600A926B9037900DA28A9 /* RequestService.swift in Sources */,
				A8A747B1273C2ED700A75F9B /* Factory.swift in Sources */,
				117BD412270F601F009C7271 /* ArrivalDB.swift in Sources */,
				A83BEAD826A55DAE00BE2890 /* DepartureViewController.swift in Sources */,
				115EC8142712DC6600EE446B /* Extension + Realm.swift in Sources */,
				A83BEAD626A55D8F00BE2890 /* ArrivalViewController.swift in Sources */,
				117BD40B270F5F45009C7271 /* DataBaseService.swift in Sources */,
				11D9A69F26F8F8D100EE4C9E /* ArrivalModelView.swift in Sources */,
				A83BEACF26A55C5A00BE2890 /* TabBarViewController.swift in Sources */,
				A83BEAD426A55D8100BE2890 /* WeatherViewController.swift in Sources */,
				A8654A0326A18A86003B67A9 /* AppDelegate.swift in Sources */,
				1109614226F91FDD00C78F9F /* ArrivalViewCell.swift in Sources */,
				A8F2361426A6B3E50022A750 /* Alert.swift in Sources */,
				11D9A69D26F8F8BB00EE4C9E /* PageArrivalModelView.swift in Sources */,
				A83BEAD226A55D3400BE2890 /* ContactViewController.swift in Sources */,
				A83BEAEA26A5B91600BE2890 /* PageDepartureCollectionCell.swift in Sources */,
				A8654A0526A18A86003B67A9 /* SceneDelegate.swift in Sources */,
				11D9A6A126F8F9BD00EE4C9E /* ArrivalModel.swift in Sources */,
				11FF79CA27082D560086B58E /* MenuBar.swift in Sources */,
				11809BD626F61724007FC1E3 /* DeparturesModel.swift in Sources */,
				11D9A6A326F8FD1200EE4C9E /* ErrorHadler.swift in Sources */,
				117BD410270F6015009C7271 /* DepartureDB.swift in Sources */,
				A83BEAE326A5800300BE2890 /* NavigationController.swift in Sources */,
				A83BEAE526A5803A00BE2890 /* Constants.swift in Sources */,
				A8E9142D26C415D0003CA804 /* PageDepartureModelView.swift in Sources */,
			);
			runOnlyForDeploymentPostprocessing = 0;
		};
/* End PBXSourcesBuildPhase section */

/* Begin PBXVariantGroup section */
		A8654A0D26A18A88003B67A9 /* LaunchScreen.storyboard */ = {
			isa = PBXVariantGroup;
			children = (
				A8654A0E26A18A88003B67A9 /* Base */,
			);
			name = LaunchScreen.storyboard;
			sourceTree = "<group>";
		};
/* End PBXVariantGroup section */

/* Begin XCBuildConfiguration section */
		A8654A1126A18A88003B67A9 /* Debug */ = {
			isa = XCBuildConfiguration;
			buildSettings = {
				ALWAYS_SEARCH_USER_PATHS = NO;
				CLANG_ANALYZER_NONNULL = YES;
				CLANG_ANALYZER_NUMBER_OBJECT_CONVERSION = YES_AGGRESSIVE;
				CLANG_CXX_LANGUAGE_STANDARD = "gnu++14";
				CLANG_CXX_LIBRARY = "libc++";
				CLANG_ENABLE_MODULES = YES;
				CLANG_ENABLE_OBJC_ARC = YES;
				CLANG_ENABLE_OBJC_WEAK = YES;
				CLANG_WARN_BLOCK_CAPTURE_AUTORELEASING = YES;
				CLANG_WARN_BOOL_CONVERSION = YES;
				CLANG_WARN_COMMA = YES;
				CLANG_WARN_CONSTANT_CONVERSION = YES;
				CLANG_WARN_DEPRECATED_OBJC_IMPLEMENTATIONS = YES;
				CLANG_WARN_DIRECT_OBJC_ISA_USAGE = YES_ERROR;
				CLANG_WARN_DOCUMENTATION_COMMENTS = YES;
				CLANG_WARN_EMPTY_BODY = YES;
				CLANG_WARN_ENUM_CONVERSION = YES;
				CLANG_WARN_INFINITE_RECURSION = YES;
				CLANG_WARN_INT_CONVERSION = YES;
				CLANG_WARN_NON_LITERAL_NULL_CONVERSION = YES;
				CLANG_WARN_OBJC_IMPLICIT_RETAIN_SELF = YES;
				CLANG_WARN_OBJC_LITERAL_CONVERSION = YES;
				CLANG_WARN_OBJC_ROOT_CLASS = YES_ERROR;
				CLANG_WARN_QUOTED_INCLUDE_IN_FRAMEWORK_HEADER = YES;
				CLANG_WARN_RANGE_LOOP_ANALYSIS = YES;
				CLANG_WARN_STRICT_PROTOTYPES = YES;
				CLANG_WARN_SUSPICIOUS_MOVE = YES;
				CLANG_WARN_UNGUARDED_AVAILABILITY = YES_AGGRESSIVE;
				CLANG_WARN_UNREACHABLE_CODE = YES;
				CLANG_WARN__DUPLICATE_METHOD_MATCH = YES;
				COPY_PHASE_STRIP = NO;
				DEBUG_INFORMATION_FORMAT = dwarf;
				ENABLE_STRICT_OBJC_MSGSEND = YES;
				ENABLE_TESTABILITY = YES;
				GCC_C_LANGUAGE_STANDARD = gnu11;
				GCC_DYNAMIC_NO_PIC = NO;
				GCC_NO_COMMON_BLOCKS = YES;
				GCC_OPTIMIZATION_LEVEL = 0;
				GCC_PREPROCESSOR_DEFINITIONS = (
					"DEBUG=1",
					"$(inherited)",
				);
				GCC_WARN_64_TO_32_BIT_CONVERSION = YES;
				GCC_WARN_ABOUT_RETURN_TYPE = YES_ERROR;
				GCC_WARN_UNDECLARED_SELECTOR = YES;
				GCC_WARN_UNINITIALIZED_AUTOS = YES_AGGRESSIVE;
				GCC_WARN_UNUSED_FUNCTION = YES;
				GCC_WARN_UNUSED_VARIABLE = YES;
				IPHONEOS_DEPLOYMENT_TARGET = 14.5;
				MTL_ENABLE_DEBUG_INFO = INCLUDE_SOURCE;
				MTL_FAST_MATH = YES;
				ONLY_ACTIVE_ARCH = YES;
				SDKROOT = iphoneos;
				SWIFT_ACTIVE_COMPILATION_CONDITIONS = DEBUG;
				SWIFT_OPTIMIZATION_LEVEL = "-Onone";
			};
			name = Debug;
		};
		A8654A1226A18A88003B67A9 /* Release */ = {
			isa = XCBuildConfiguration;
			buildSettings = {
				ALWAYS_SEARCH_USER_PATHS = NO;
				CLANG_ANALYZER_NONNULL = YES;
				CLANG_ANALYZER_NUMBER_OBJECT_CONVERSION = YES_AGGRESSIVE;
				CLANG_CXX_LANGUAGE_STANDARD = "gnu++14";
				CLANG_CXX_LIBRARY = "libc++";
				CLANG_ENABLE_MODULES = YES;
				CLANG_ENABLE_OBJC_ARC = YES;
				CLANG_ENABLE_OBJC_WEAK = YES;
				CLANG_WARN_BLOCK_CAPTURE_AUTORELEASING = YES;
				CLANG_WARN_BOOL_CONVERSION = YES;
				CLANG_WARN_COMMA = YES;
				CLANG_WARN_CONSTANT_CONVERSION = YES;
				CLANG_WARN_DEPRECATED_OBJC_IMPLEMENTATIONS = YES;
				CLANG_WARN_DIRECT_OBJC_ISA_USAGE = YES_ERROR;
				CLANG_WARN_DOCUMENTATION_COMMENTS = YES;
				CLANG_WARN_EMPTY_BODY = YES;
				CLANG_WARN_ENUM_CONVERSION = YES;
				CLANG_WARN_INFINITE_RECURSION = YES;
				CLANG_WARN_INT_CONVERSION = YES;
				CLANG_WARN_NON_LITERAL_NULL_CONVERSION = YES;
				CLANG_WARN_OBJC_IMPLICIT_RETAIN_SELF = YES;
				CLANG_WARN_OBJC_LITERAL_CONVERSION = YES;
				CLANG_WARN_OBJC_ROOT_CLASS = YES_ERROR;
				CLANG_WARN_QUOTED_INCLUDE_IN_FRAMEWORK_HEADER = YES;
				CLANG_WARN_RANGE_LOOP_ANALYSIS = YES;
				CLANG_WARN_STRICT_PROTOTYPES = YES;
				CLANG_WARN_SUSPICIOUS_MOVE = YES;
				CLANG_WARN_UNGUARDED_AVAILABILITY = YES_AGGRESSIVE;
				CLANG_WARN_UNREACHABLE_CODE = YES;
				CLANG_WARN__DUPLICATE_METHOD_MATCH = YES;
				COPY_PHASE_STRIP = NO;
				DEBUG_INFORMATION_FORMAT = "dwarf-with-dsym";
				ENABLE_NS_ASSERTIONS = NO;
				ENABLE_STRICT_OBJC_MSGSEND = YES;
				GCC_C_LANGUAGE_STANDARD = gnu11;
				GCC_NO_COMMON_BLOCKS = YES;
				GCC_WARN_64_TO_32_BIT_CONVERSION = YES;
				GCC_WARN_ABOUT_RETURN_TYPE = YES_ERROR;
				GCC_WARN_UNDECLARED_SELECTOR = YES;
				GCC_WARN_UNINITIALIZED_AUTOS = YES_AGGRESSIVE;
				GCC_WARN_UNUSED_FUNCTION = YES;
				GCC_WARN_UNUSED_VARIABLE = YES;
				IPHONEOS_DEPLOYMENT_TARGET = 14.5;
				MTL_ENABLE_DEBUG_INFO = NO;
				MTL_FAST_MATH = YES;
				SDKROOT = iphoneos;
				SWIFT_COMPILATION_MODE = wholemodule;
				SWIFT_OPTIMIZATION_LEVEL = "-O";
				VALIDATE_PRODUCT = YES;
			};
			name = Release;
		};
		A8654A1426A18A88003B67A9 /* Debug */ = {
			isa = XCBuildConfiguration;
			buildSettings = {
				ASSETCATALOG_COMPILER_APPICON_NAME = AppIcon;
				ASSETCATALOG_COMPILER_GLOBAL_ACCENT_COLOR_NAME = AccentColor;
				CODE_SIGN_STYLE = Automatic;
				DEVELOPMENT_TEAM = SG9C53KBMD;
				INFOPLIST_FILE = ArhAirport/Info.plist;
				LD_RUNPATH_SEARCH_PATHS = (
					"$(inherited)",
					"@executable_path/Frameworks",
				);
				PRODUCT_BUNDLE_IDENTIFIER = none.ArhAirport;
				PRODUCT_NAME = "$(TARGET_NAME)";
				SWIFT_VERSION = 5.0;
				TARGETED_DEVICE_FAMILY = "1,2";
			};
			name = Debug;
		};
		A8654A1526A18A88003B67A9 /* Release */ = {
			isa = XCBuildConfiguration;
			buildSettings = {
				ASSETCATALOG_COMPILER_APPICON_NAME = AppIcon;
				ASSETCATALOG_COMPILER_GLOBAL_ACCENT_COLOR_NAME = AccentColor;
				CODE_SIGN_STYLE = Automatic;
				DEVELOPMENT_TEAM = SG9C53KBMD;
				INFOPLIST_FILE = ArhAirport/Info.plist;
				LD_RUNPATH_SEARCH_PATHS = (
					"$(inherited)",
					"@executable_path/Frameworks",
				);
				PRODUCT_BUNDLE_IDENTIFIER = none.ArhAirport;
				PRODUCT_NAME = "$(TARGET_NAME)";
				SWIFT_VERSION = 5.0;
				TARGETED_DEVICE_FAMILY = "1,2";
			};
			name = Release;
		};
/* End XCBuildConfiguration section */

/* Begin XCConfigurationList section */
		A86549FA26A18A86003B67A9 /* Build configuration list for PBXProject "ArhAirport" */ = {
			isa = XCConfigurationList;
			buildConfigurations = (
				A8654A1126A18A88003B67A9 /* Debug */,
				A8654A1226A18A88003B67A9 /* Release */,
			);
			defaultConfigurationIsVisible = 0;
			defaultConfigurationName = Release;
		};
		A8654A1326A18A88003B67A9 /* Build configuration list for PBXNativeTarget "ArhAirport" */ = {
			isa = XCConfigurationList;
			buildConfigurations = (
				A8654A1426A18A88003B67A9 /* Debug */,
				A8654A1526A18A88003B67A9 /* Release */,
			);
			defaultConfigurationIsVisible = 0;
			defaultConfigurationName = Release;
		};
/* End XCConfigurationList section */

/* Begin XCRemoteSwiftPackageReference section */
		116660A427079CF400EA09DB /* XCRemoteSwiftPackageReference "RxSwift" */ = {
			isa = XCRemoteSwiftPackageReference;
			repositoryURL = "https://github.com/ReactiveX/RxSwift.git";
			requirement = {
				branch = main;
				kind = branch;
			};
		};
		116660A527079D3300EA09DB /* XCRemoteSwiftPackageReference "realm-cocoa" */ = {
			isa = XCRemoteSwiftPackageReference;
			repositoryURL = "https://github.com/realm/realm-cocoa.git";
			requirement = {
				branch = master;
				kind = branch;
			};
		};
		116660A627079D4900EA09DB /* XCRemoteSwiftPackageReference "SnapKit" */ = {
			isa = XCRemoteSwiftPackageReference;
			repositoryURL = "https://github.com/SnapKit/SnapKit.git";
			requirement = {
				kind = exactVersion;
				version = 5.0.1;
			};
		};
		116661FD2707A43200EA09DB /* XCRemoteSwiftPackageReference "Alamofire" */ = {
			isa = XCRemoteSwiftPackageReference;
			repositoryURL = "https://github.com/Alamofire/Alamofire.git";
			requirement = {
				kind = upToNextMajorVersion;
				minimumVersion = 5.0.0;
			};
		};
/* End XCRemoteSwiftPackageReference section */

/* Begin XCSwiftPackageProductDependency section */
		116661FE2707A43200EA09DB /* Alamofire */ = {
			isa = XCSwiftPackageProductDependency;
			package = 116661FD2707A43200EA09DB /* XCRemoteSwiftPackageReference "Alamofire" */;
			productName = Alamofire;
		};
		116662012707A67000EA09DB /* RxSwift */ = {
			isa = XCSwiftPackageProductDependency;
			package = 116660A427079CF400EA09DB /* XCRemoteSwiftPackageReference "RxSwift" */;
			productName = RxSwift;
		};
		116662032707A69E00EA09DB /* SnapKit */ = {
			isa = XCSwiftPackageProductDependency;
			package = 116660A627079D4900EA09DB /* XCRemoteSwiftPackageReference "SnapKit" */;
			productName = SnapKit;
		};
		116662052707A6B700EA09DB /* RealmSwift */ = {
			isa = XCSwiftPackageProductDependency;
			package = 116660A527079D3300EA09DB /* XCRemoteSwiftPackageReference "realm-cocoa" */;
			productName = RealmSwift;
		};
		116662072707A6D700EA09DB /* RxCocoa */ = {
			isa = XCSwiftPackageProductDependency;
			package = 116660A427079CF400EA09DB /* XCRemoteSwiftPackageReference "RxSwift" */;
			productName = RxCocoa;
		};
/* End XCSwiftPackageProductDependency section */
	};
	rootObject = A86549F726A18A86003B67A9 /* Project object */;
}
